
Microsoft Visual Studio Solution File, Format Version 12.00
# Visual Studio Version 17
VisualStudioVersion = 17.0.32014.148
MinimumVisualStudioVersion = 10.0.40219.1
Project("{FAE04EC0-301F-11D3-BF4B-00C04F79EFBC}") = "ddd.Core", "src\ddd.Core\ddd.Core.csproj", "{A499A829-136E-422E-AE21-7ACA83AF1D4F}"
EndProject
Project("{FAE04EC0-301F-11D3-BF4B-00C04F79EFBC}") = "ddd.Infrastructure", "src\ddd.Infrastructure\ddd.Infrastructure.csproj", "{9BB6B871-5128-4080-872B-129FBCA6F4D2}"
EndProject
Project("{FAE04EC0-301F-11D3-BF4B-00C04F79EFBC}") = "ddd.SharedKernel", "src\ddd.SharedKernel\ddd.SharedKernel.csproj", "{FFF1397B-54D2-484B-9B0D-FE1CFA2995AF}"
EndProject
Project("{FAE04EC0-301F-11D3-BF4B-00C04F79EFBC}") = "ddd.Web", "src\ddd.Web\ddd.Web.csproj", "{A185BB4C-7569-4818-86CA-6097034D5DCC}"
EndProject
Project("{FAE04EC0-301F-11D3-BF4B-00C04F79EFBC}") = "ddd.FunctionalTests", "tests\ddd.FunctionalTests\ddd.FunctionalTests.csproj", "{CCC0E2E6-102D-4C6D-A0C2-DDF29ECC4DCB}"
EndProject
Project("{FAE04EC0-301F-11D3-BF4B-00C04F79EFBC}") = "ddd.IntegrationTests", "tests\ddd.IntegrationTests\ddd.IntegrationTests.csproj", "{5B716465-0089-461D-A889-BF11417918FD}"
EndProject
Project("{FAE04EC0-301F-11D3-BF4B-00C04F79EFBC}") = "ddd.UnitTests", "tests\ddd.UnitTests\ddd.UnitTests.csproj", "{DF6CAA49-367F-4E4C-A6EF-4596ED0C277F}"
EndProject
Global
	GlobalSection(SolutionConfigurationPlatforms) = preSolution
		Debug|Any CPU = Debug|Any CPU
		Release|Any CPU = Release|Any CPU
	EndGlobalSection
	GlobalSection(ProjectConfigurationPlatforms) = postSolution
		{A499A829-136E-422E-AE21-7ACA83AF1D4F}.Debug|Any CPU.ActiveCfg = Debug|Any CPU
		{A499A829-136E-422E-AE21-7ACA83AF1D4F}.Debug|Any CPU.Build.0 = Debug|Any CPU
		{A499A829-136E-422E-AE21-7ACA83AF1D4F}.Release|Any CPU.ActiveCfg = Release|Any CPU
		{A499A829-136E-422E-AE21-7ACA83AF1D4F}.Release|Any CPU.Build.0 = Release|Any CPU
		{9BB6B871-5128-4080-872B-129FBCA6F4D2}.Debug|Any CPU.ActiveCfg = Debug|Any CPU
		{9BB6B871-5128-4080-872B-129FBCA6F4D2}.Debug|Any CPU.Build.0 = Debug|Any CPU
		{9BB6B871-5128-4080-872B-129FBCA6F4D2}.Release|Any CPU.ActiveCfg = Release|Any CPU
		{9BB6B871-5128-4080-872B-129FBCA6F4D2}.Release|Any CPU.Build.0 = Release|Any CPU
		{FFF1397B-54D2-484B-9B0D-FE1CFA2995AF}.Debug|Any CPU.ActiveCfg = Debug|Any CPU
		{FFF1397B-54D2-484B-9B0D-FE1CFA2995AF}.Debug|Any CPU.Build.0 = Debug|Any CPU
		{FFF1397B-54D2-484B-9B0D-FE1CFA2995AF}.Release|Any CPU.ActiveCfg = Release|Any CPU
		{FFF1397B-54D2-484B-9B0D-FE1CFA2995AF}.Release|Any CPU.Build.0 = Release|Any CPU
		{A185BB4C-7569-4818-86CA-6097034D5DCC}.Debug|Any CPU.ActiveCfg = Debug|Any CPU
		{A185BB4C-7569-4818-86CA-6097034D5DCC}.Debug|Any CPU.Build.0 = Debug|Any CPU
		{A185BB4C-7569-4818-86CA-6097034D5DCC}.Release|Any CPU.ActiveCfg = Release|Any CPU
		{A185BB4C-7569-4818-86CA-6097034D5DCC}.Release|Any CPU.Build.0 = Release|Any CPU
		{CCC0E2E6-102D-4C6D-A0C2-DDF29ECC4DCB}.Debug|Any CPU.ActiveCfg = Debug|Any CPU
		{CCC0E2E6-102D-4C6D-A0C2-DDF29ECC4DCB}.Debug|Any CPU.Build.0 = Debug|Any CPU
		{CCC0E2E6-102D-4C6D-A0C2-DDF29ECC4DCB}.Release|Any CPU.ActiveCfg = Release|Any CPU
		{CCC0E2E6-102D-4C6D-A0C2-DDF29ECC4DCB}.Release|Any CPU.Build.0 = Release|Any CPU
		{5B716465-0089-461D-A889-BF11417918FD}.Debug|Any CPU.ActiveCfg = Debug|Any CPU
		{5B716465-0089-461D-A889-BF11417918FD}.Debug|Any CPU.Build.0 = Debug|Any CPU
		{5B716465-0089-461D-A889-BF11417918FD}.Release|Any CPU.ActiveCfg = Release|Any CPU
		{5B716465-0089-461D-A889-BF11417918FD}.Release|Any CPU.Build.0 = Release|Any CPU
		{DF6CAA49-367F-4E4C-A6EF-4596ED0C277F}.Debug|Any CPU.ActiveCfg = Debug|Any CPU
		{DF6CAA49-367F-4E4C-A6EF-4596ED0C277F}.Debug|Any CPU.Build.0 = Debug|Any CPU
		{DF6CAA49-367F-4E4C-A6EF-4596ED0C277F}.Release|Any CPU.ActiveCfg = Release|Any CPU
		{DF6CAA49-367F-4E4C-A6EF-4596ED0C277F}.Release|Any CPU.Build.0 = Release|Any CPU
	EndGlobalSection
	GlobalSection(SolutionProperties) = preSolution
		HideSolutionNode = FALSE
	EndGlobalSection
	GlobalSection(ExtensibilityGlobals) = postSolution
		SolutionGuid = {603DB2C3-0A5E-4948-8079-55D590B02C43}
	EndGlobalSection
EndGlobal
